
Microsoft Visual Studio Solution File, Format Version 10.00
# Visual Studio 2008
Project("{D183A3D8-5FD8-494B-B014-37F57B35E655}") = "LCDB_Extract", "LCDB_Extract\LCDB_Extract.dtproj", "{CF3FE194-017C-478B-B712-A7BEE733F3E4}"
EndProject
Global
	GlobalSection(SolutionConfigurationPlatforms) = preSolution
		Development|Default = Development|Default
	EndGlobalSection
	GlobalSection(ProjectConfigurationPlatforms) = postSolution
		{CF3FE194-017C-478B-B712-A7BEE733F3E4}.Development|Default.ActiveCfg = Development
		{CF3FE194-017C-478B-B712-A7BEE733F3E4}.Development|Default.Build.0 = Development
	EndGlobalSection
	GlobalSection(SolutionProperties) = preSolution
		HideSolutionNode = FALSE
	EndGlobalSection
EndGlobal
